
Microsoft Visual Studio Solution File, Format Version 12.00
# Visual Studio Version 17
VisualStudioVersion = 17.4.33403.182
MinimumVisualStudioVersion = 10.0.40219.1
Project("{8BC9CEB8-8B4A-11D0-8D11-00A0C91BC942}") = "ex12-6", "ex12-6\ex12-6.vcxproj", "{E4AC904B-C2ED-4504-BA15-958ADC8525ED}"
EndProject
Global
	GlobalSection(SolutionConfigurationPlatforms) = preSolution
		Debug|x64 = Debug|x64
		Debug|x86 = Debug|x86
		Release|x64 = Release|x64
		Release|x86 = Release|x86
	EndGlobalSection
	GlobalSection(ProjectConfigurationPlatforms) = postSolution
		{E4AC904B-C2ED-4504-BA15-958ADC8525ED}.Debug|x64.ActiveCfg = Debug|x64
		{E4AC904B-C2ED-4504-BA15-958ADC8525ED}.Debug|x64.Build.0 = Debug|x64
		{E4AC904B-C2ED-4504-BA15-958ADC8525ED}.Debug|x86.ActiveCfg = Debug|Win32
		{E4AC904B-C2ED-4504-BA15-958ADC8525ED}.Debug|x86.Build.0 = Debug|Win32
		{E4AC904B-C2ED-4504-BA15-958ADC8525ED}.Release|x64.ActiveCfg = Release|x64
		{E4AC904B-C2ED-4504-BA15-958ADC8525ED}.Release|x64.Build.0 = Release|x64
		{E4AC904B-C2ED-4504-BA15-958ADC8525ED}.Release|x86.ActiveCfg = Release|Win32
		{E4AC904B-C2ED-4504-BA15-958ADC8525ED}.Release|x86.Build.0 = Release|Win32
	EndGlobalSection
	GlobalSection(SolutionProperties) = preSolution
		HideSolutionNode = FALSE
	EndGlobalSection
	GlobalSection(ExtensibilityGlobals) = postSolution
		SolutionGuid = {8A6A199B-83B0-4EAD-B1DE-81FB5C8B46CE}
	EndGlobalSection
EndGlobal
