
Microsoft Visual Studio Solution File, Format Version 12.00
# Visual Studio Version 17
VisualStudioVersion = 17.4.33403.182
MinimumVisualStudioVersion = 10.0.40219.1
Project("{8BC9CEB8-8B4A-11D0-8D11-00A0C91BC942}") = "ex2-1", "ex2-1\ex2-1.vcxproj", "{63CD4550-10BA-4D68-B258-CC576D43BC5F}"
EndProject
Global
	GlobalSection(SolutionConfigurationPlatforms) = preSolution
		Debug|x64 = Debug|x64
		Debug|x86 = Debug|x86
		Release|x64 = Release|x64
		Release|x86 = Release|x86
	EndGlobalSection
	GlobalSection(ProjectConfigurationPlatforms) = postSolution
		{63CD4550-10BA-4D68-B258-CC576D43BC5F}.Debug|x64.ActiveCfg = Debug|x64
		{63CD4550-10BA-4D68-B258-CC576D43BC5F}.Debug|x64.Build.0 = Debug|x64
		{63CD4550-10BA-4D68-B258-CC576D43BC5F}.Debug|x86.ActiveCfg = Debug|Win32
		{63CD4550-10BA-4D68-B258-CC576D43BC5F}.Debug|x86.Build.0 = Debug|Win32
		{63CD4550-10BA-4D68-B258-CC576D43BC5F}.Release|x64.ActiveCfg = Release|x64
		{63CD4550-10BA-4D68-B258-CC576D43BC5F}.Release|x64.Build.0 = Release|x64
		{63CD4550-10BA-4D68-B258-CC576D43BC5F}.Release|x86.ActiveCfg = Release|Win32
		{63CD4550-10BA-4D68-B258-CC576D43BC5F}.Release|x86.Build.0 = Release|Win32
	EndGlobalSection
	GlobalSection(SolutionProperties) = preSolution
		HideSolutionNode = FALSE
	EndGlobalSection
	GlobalSection(ExtensibilityGlobals) = postSolution
		SolutionGuid = {6CAACF97-81D3-4023-B9E4-BFE4D194907D}
	EndGlobalSection
EndGlobal
