
Microsoft Visual Studio Solution File, Format Version 12.00
# Visual Studio Version 17
VisualStudioVersion = 17.4.33403.182
MinimumVisualStudioVersion = 10.0.40219.1
Project("{8BC9CEB8-8B4A-11D0-8D11-00A0C91BC942}") = "OOJ_4392", "OOJ_4392\OOJ_4392.vcxproj", "{738945DB-A839-4B02-9873-AD3DBE9237FC}"
EndProject
Global
	GlobalSection(SolutionConfigurationPlatforms) = preSolution
		Debug|x64 = Debug|x64
		Debug|x86 = Debug|x86
		Release|x64 = Release|x64
		Release|x86 = Release|x86
	EndGlobalSection
	GlobalSection(ProjectConfigurationPlatforms) = postSolution
		{738945DB-A839-4B02-9873-AD3DBE9237FC}.Debug|x64.ActiveCfg = Debug|x64
		{738945DB-A839-4B02-9873-AD3DBE9237FC}.Debug|x64.Build.0 = Debug|x64
		{738945DB-A839-4B02-9873-AD3DBE9237FC}.Debug|x86.ActiveCfg = Debug|Win32
		{738945DB-A839-4B02-9873-AD3DBE9237FC}.Debug|x86.Build.0 = Debug|Win32
		{738945DB-A839-4B02-9873-AD3DBE9237FC}.Release|x64.ActiveCfg = Release|x64
		{738945DB-A839-4B02-9873-AD3DBE9237FC}.Release|x64.Build.0 = Release|x64
		{738945DB-A839-4B02-9873-AD3DBE9237FC}.Release|x86.ActiveCfg = Release|Win32
		{738945DB-A839-4B02-9873-AD3DBE9237FC}.Release|x86.Build.0 = Release|Win32
	EndGlobalSection
	GlobalSection(SolutionProperties) = preSolution
		HideSolutionNode = FALSE
	EndGlobalSection
	GlobalSection(ExtensibilityGlobals) = postSolution
		SolutionGuid = {08489E2A-9464-4444-88C1-9160BE2C4F12}
	EndGlobalSection
EndGlobal
